
Microsoft Visual Studio Solution File, Format Version 12.00
# Visual Studio 15
VisualStudioVersion = 15.0.27428.2015
MinimumVisualStudioVersion = 10.0.40219.1
Project("{FAE04EC0-301F-11D3-BF4B-00C04F79EFBC}") = "Interface_as_Parent", "Interface_as_Parent\Interface_as_Parent.csproj", "{62F7457D-AF49-452A-BBDA-AB41BAC1C64C}"
EndProject
Project("{FAE04EC0-301F-11D3-BF4B-00C04F79EFBC}") = "Interface Library", "Interface Library\Interface Library.csproj", "{961189B7-9791-44E1-AF9E-5A9FC721EFEE}"
EndProject
Global
	GlobalSection(SolutionConfigurationPlatforms) = preSolution
		Debug|Any CPU = Debug|Any CPU
		Release|Any CPU = Release|Any CPU
	EndGlobalSection
	GlobalSection(ProjectConfigurationPlatforms) = postSolution
		{62F7457D-AF49-452A-BBDA-AB41BAC1C64C}.Debug|Any CPU.ActiveCfg = Debug|Any CPU
		{62F7457D-AF49-452A-BBDA-AB41BAC1C64C}.Debug|Any CPU.Build.0 = Debug|Any CPU
		{62F7457D-AF49-452A-BBDA-AB41BAC1C64C}.Release|Any CPU.ActiveCfg = Release|Any CPU
		{62F7457D-AF49-452A-BBDA-AB41BAC1C64C}.Release|Any CPU.Build.0 = Release|Any CPU
		{961189B7-9791-44E1-AF9E-5A9FC721EFEE}.Debug|Any CPU.ActiveCfg = Debug|Any CPU
		{961189B7-9791-44E1-AF9E-5A9FC721EFEE}.Debug|Any CPU.Build.0 = Debug|Any CPU
		{961189B7-9791-44E1-AF9E-5A9FC721EFEE}.Release|Any CPU.ActiveCfg = Release|Any CPU
		{961189B7-9791-44E1-AF9E-5A9FC721EFEE}.Release|Any CPU.Build.0 = Release|Any CPU
	EndGlobalSection
	GlobalSection(SolutionProperties) = preSolution
		HideSolutionNode = FALSE
	EndGlobalSection
	GlobalSection(ExtensibilityGlobals) = postSolution
		SolutionGuid = {A595B219-88F4-4DF3-A4F7-405B9143C308}
	EndGlobalSection
EndGlobal
